
Microsoft Visual Studio Solution File, Format Version 12.00
# Visual Studio 2015
Project("{FAE04EC0-301F-11D3-BF4B-00C04F79EFBC}") = "Sumo Cars.CSharp", "Sumo Cars.CSharp.csproj", "{A3D60A3F-BF5A-475E-9634-896481B5FC92}"
EndProject
Global
	GlobalSection(SolutionConfigurationPlatforms) = preSolution
		Debug|Any CPU = Debug|Any CPU
		Release|Any CPU = Release|Any CPU
	EndGlobalSection
	GlobalSection(ProjectConfigurationPlatforms) = postSolution
		{A3D60A3F-BF5A-475E-9634-896481B5FC92}.Debug|Any CPU.ActiveCfg = Debug|Any CPU
		{A3D60A3F-BF5A-475E-9634-896481B5FC92}.Debug|Any CPU.Build.0 = Debug|Any CPU
		{A3D60A3F-BF5A-475E-9634-896481B5FC92}.Release|Any CPU.ActiveCfg = Release|Any CPU
		{A3D60A3F-BF5A-475E-9634-896481B5FC92}.Release|Any CPU.Build.0 = Release|Any CPU
	EndGlobalSection
	GlobalSection(SolutionProperties) = preSolution
		HideSolutionNode = FALSE
	EndGlobalSection
EndGlobal
